
Microsoft Visual Studio Solution File, Format Version 12.00
# Visual Studio Version 17
VisualStudioVersion = 17.10.35122.118
MinimumVisualStudioVersion = 10.0.40219.1
Project("{FAE04EC0-301F-11D3-BF4B-00C04F79EFBC}") = "GestionInventario", "GestionInventario\GestionInventario.csproj", "{A3D8D01F-6388-45ED-BB50-139BFB3C81D4}"
EndProject
Global
	GlobalSection(SolutionConfigurationPlatforms) = preSolution
		Debug|Any CPU = Debug|Any CPU
		Release|Any CPU = Release|Any CPU
	EndGlobalSection
	GlobalSection(ProjectConfigurationPlatforms) = postSolution
		{A3D8D01F-6388-45ED-BB50-139BFB3C81D4}.Debug|Any CPU.ActiveCfg = Debug|Any CPU
		{A3D8D01F-6388-45ED-BB50-139BFB3C81D4}.Debug|Any CPU.Build.0 = Debug|Any CPU
		{A3D8D01F-6388-45ED-BB50-139BFB3C81D4}.Release|Any CPU.ActiveCfg = Release|Any CPU
		{A3D8D01F-6388-45ED-BB50-139BFB3C81D4}.Release|Any CPU.Build.0 = Release|Any CPU
	EndGlobalSection
	GlobalSection(SolutionProperties) = preSolution
		HideSolutionNode = FALSE
	EndGlobalSection
	GlobalSection(ExtensibilityGlobals) = postSolution
		SolutionGuid = {58AE5E0E-B022-4737-85C5-E22072C8B7C9}
	EndGlobalSection
EndGlobal
